Microsoft Visual Studio Solution File, Format Version 12.00
# Visual Studio 15
VisualStudioVersion = 15.0.26124.0
MinimumVisualStudioVersion = 15.0.26124.0
Project("{9A19103F-16F7-4668-BE54-9A1E7A4F7556}") = "json", "src\json.csproj", "{63C018A7-2E1D-441E-A722-26E59D0D336D}"
EndProject
Project("{9A19103F-16F7-4668-BE54-9A1E7A4F7556}") = "jsontest", "test\jsontest.csproj", "{CFA5CDCC-8818-4A06-B180-39D6E133C28B}"
EndProject
Global
	GlobalSection(SolutionConfigurationPlatforms) = preSolution
		Debug|Any CPU = Debug|Any CPU
		Debug|x64 = Debug|x64
		Debug|x86 = Debug|x86
		Release|Any CPU = Release|Any CPU
		Release|x64 = Release|x64
		Release|x86 = Release|x86
	EndGlobalSection
	GlobalSection(ProjectConfigurationPlatforms) = postSolution
		{63C018A7-2E1D-441E-A722-26E59D0D336D}.Debug|Any CPU.ActiveCfg = Debug|Any CPU
		{63C018A7-2E1D-441E-A722-26E59D0D336D}.Debug|Any CPU.Build.0 = Debug|Any CPU
		{63C018A7-2E1D-441E-A722-26E59D0D336D}.Debug|x64.ActiveCfg = Debug|Any CPU
		{63C018A7-2E1D-441E-A722-26E59D0D336D}.Debug|x64.Build.0 = Debug|Any CPU
		{63C018A7-2E1D-441E-A722-26E59D0D336D}.Debug|x86.ActiveCfg = Debug|Any CPU
		{63C018A7-2E1D-441E-A722-26E59D0D336D}.Debug|x86.Build.0 = Debug|Any CPU
		{63C018A7-2E1D-441E-A722-26E59D0D336D}.Release|Any CPU.ActiveCfg = Release|Any CPU
		{63C018A7-2E1D-441E-A722-26E59D0D336D}.Release|Any CPU.Build.0 = Release|Any CPU
		{63C018A7-2E1D-441E-A722-26E59D0D336D}.Release|x64.ActiveCfg = Release|Any CPU
		{63C018A7-2E1D-441E-A722-26E59D0D336D}.Release|x64.Build.0 = Release|Any CPU
		{63C018A7-2E1D-441E-A722-26E59D0D336D}.Release|x86.ActiveCfg = Release|Any CPU
		{63C018A7-2E1D-441E-A722-26E59D0D336D}.Release|x86.Build.0 = Release|Any CPU
		{CFA5CDCC-8818-4A06-B180-39D6E133C28B}.Debug|Any CPU.ActiveCfg = Debug|Any CPU
		{CFA5CDCC-8818-4A06-B180-39D6E133C28B}.Debug|Any CPU.Build.0 = Debug|Any CPU
		{CFA5CDCC-8818-4A06-B180-39D6E133C28B}.Debug|x64.ActiveCfg = Debug|Any CPU
		{CFA5CDCC-8818-4A06-B180-39D6E133C28B}.Debug|x64.Build.0 = Debug|Any CPU
		{CFA5CDCC-8818-4A06-B180-39D6E133C28B}.Debug|x86.ActiveCfg = Debug|Any CPU
		{CFA5CDCC-8818-4A06-B180-39D6E133C28B}.Debug|x86.Build.0 = Debug|Any CPU
		{CFA5CDCC-8818-4A06-B180-39D6E133C28B}.Release|Any CPU.ActiveCfg = Release|Any CPU
		{CFA5CDCC-8818-4A06-B180-39D6E133C28B}.Release|Any CPU.Build.0 = Release|Any CPU
		{CFA5CDCC-8818-4A06-B180-39D6E133C28B}.Release|x64.ActiveCfg = Release|Any CPU
		{CFA5CDCC-8818-4A06-B180-39D6E133C28B}.Release|x64.Build.0 = Release|Any CPU
		{CFA5CDCC-8818-4A06-B180-39D6E133C28B}.Release|x86.ActiveCfg = Release|Any CPU
		{CFA5CDCC-8818-4A06-B180-39D6E133C28B}.Release|x86.Build.0 = Release|Any CPU
	EndGlobalSection
	GlobalSection(SolutionProperties) = preSolution
		HideSolutionNode = FALSE
	EndGlobalSection
	GlobalSection(ExtensibilityGlobals) = postSolution
		SolutionGuid = {D0016E18-D79A-4D76-AE01-3B589F783591}
	EndGlobalSection
EndGlobal
